
Microsoft Visual Studio Solution File, Format Version 12.00
# Visual Studio Version 16
VisualStudioVersion = 16.0.31702.278
MinimumVisualStudioVersion = 10.0.40219.1
Project("{FAE04EC0-301F-11D3-BF4B-00C04F79EFBC}") = "Teste", "Teste\Teste.csproj", "{652073CD-7AAB-4DAE-9A0C-F39414931240}"
EndProject
Global
	GlobalSection(SolutionConfigurationPlatforms) = preSolution
		Debug|Any CPU = Debug|Any CPU
		Release|Any CPU = Release|Any CPU
	EndGlobalSection
	GlobalSection(ProjectConfigurationPlatforms) = postSolution
		{652073CD-7AAB-4DAE-9A0C-F39414931240}.Debug|Any CPU.ActiveCfg = Debug|Any CPU
		{652073CD-7AAB-4DAE-9A0C-F39414931240}.Debug|Any CPU.Build.0 = Debug|Any CPU
		{652073CD-7AAB-4DAE-9A0C-F39414931240}.Release|Any CPU.ActiveCfg = Release|Any CPU
		{652073CD-7AAB-4DAE-9A0C-F39414931240}.Release|Any CPU.Build.0 = Release|Any CPU
	EndGlobalSection
	GlobalSection(SolutionProperties) = preSolution
		HideSolutionNode = FALSE
	EndGlobalSection
	GlobalSection(ExtensibilityGlobals) = postSolution
		SolutionGuid = {A2D88871-7A4E-4A9E-A260-F2C6CF28D015}
	EndGlobalSection
EndGlobal
